// !$*UTF8*$!
{
	archiveVersion = 1;
	classes = {
	};
	objectVersion = 50;
	objects = {

/* Begin PBXBuildFile section */
		F45DD1F5271D600F0082DFB3 /* MainMenueViewController.swift in Sources */ = {isa = PBXBuildFile; fileRef = F45DD1F4271D600E0082DFB3 /* MainMenueViewController.swift */; };
		F45DD1FB271DB3B80082DFB3 /* FindCoplayerViewController.swift in Sources */ = {isa = PBXBuildFile; fileRef = F45DD1FA271DB3B80082DFB3 /* FindCoplayerViewController.swift */; };
		F4758610271D50AE0071C141 /* AppDelegate.swift in Sources */ = {isa = PBXBuildFile; fileRef = F475860F271D50AE0071C141 /* AppDelegate.swift */; };
		F4758612271D50AE0071C141 /* SceneDelegate.swift in Sources */ = {isa = PBXBuildFile; fileRef = F4758611271D50AE0071C141 /* SceneDelegate.swift */; };
		F4758619271D50B20071C141 /* Assets.xcassets in Resources */ = {isa = PBXBuildFile; fileRef = F4758618271D50B20071C141 /* Assets.xcassets */; };
		F475861C271D50B20071C141 /* LaunchScreen.storyboard in Resources */ = {isa = PBXBuildFile; fileRef = F475861A271D50B20071C141 /* LaunchScreen.storyboard */; };
		F4B62F0C271EC5A900681063 /* Arrows.swift in Sources */ = {isa = PBXBuildFile; fileRef = F4B62F0B271EC5A900681063 /* Arrows.swift */; };
/* End PBXBuildFile section */

/* Begin PBXFileReference section */
		F45DD1F4271D600E0082DFB3 /* MainMenueViewController.swift */ = {isa = PBXFileReference; lastKnownFileType = sourcecode.swift; path = MainMenueViewController.swift; sourceTree = "<group>"; };
		F45DD1FA271DB3B80082DFB3 /* FindCoplayerViewController.swift */ = {isa = PBXFileReference; lastKnownFileType = sourcecode.swift; path = FindCoplayerViewController.swift; sourceTree = "<group>"; };
		F475860C271D50AE0071C141 /* cascarda.app */ = {isa = PBXFileReference; explicitFileType = wrapper.application; includeInIndex = 0; path = cascarda.app; sourceTree = BUILT_PRODUCTS_DIR; };
		F475860F271D50AE0071C141 /* AppDelegate.swift */ = {isa = PBXFileReference; lastKnownFileType = sourcecode.swift; path = AppDelegate.swift; sourceTree = "<group>"; };
		F4758611271D50AE0071C141 /* SceneDelegate.swift */ = {isa = PBXFileReference; lastKnownFileType = sourcecode.swift; path = SceneDelegate.swift; sourceTree = "<group>"; };
		F4758618271D50B20071C141 /* Assets.xcassets */ = {isa = PBXFileReference; lastKnownFileType = folder.assetcatalog; path = Assets.xcassets; sourceTree = "<group>"; };
		F475861B271D50B20071C141 /* Base */ = {isa = PBXFileReference; lastKnownFileType = file.storyboard; name = Base; path = Base.lproj/LaunchScreen.storyboard; sourceTree = "<group>"; };
		F475861D271D50B20071C141 /* Info.plist */ = {isa = PBXFileReference; lastKnownFileType = text.plist.xml; path = Info.plist; sourceTree = "<group>"; };
		F4B62F0B271EC5A900681063 /* Arrows.swift */ = {isa = PBXFileReference; lastKnownFileType = sourcecode.swift; path = Arrows.swift; sourceTree = "<group>"; };
/* End PBXFileReference section */

/* Begin PBXFrameworksBuildPhase section */
		F4758609271D50AE0071C141 /* Frameworks */ = {
			isa = PBXFrameworksBuildPhase;
			buildActionMask = 2147483647;
			files = (
			);
			runOnlyForDeploymentPostprocessing = 0;
		};
/* End PBXFrameworksBuildPhase section */

/* Begin PBXGroup section */
		F45DD1F3271D577D0082DFB3 /* MainMenue */ = {
			isa = PBXGroup;
			children = (
				F45DD1F4271D600E0082DFB3 /* MainMenueViewController.swift */,
			);
			path = MainMenue;
			sourceTree = "<group>";
		};
		F45DD1F9271D62EF0082DFB3 /* CustomControls */ = {
			isa = PBXGroup;
			children = (
			);
			path = CustomControls;
			sourceTree = "<group>";
		};
		F45DD1FC271DB3BD0082DFB3 /* FindCoplayer */ = {
			isa = PBXGroup;
			children = (
				F45DD1FA271DB3B80082DFB3 /* FindCoplayerViewController.swift */,
			);
			path = FindCoplayer;
			sourceTree = "<group>";
		};
		F4758603271D50AE0071C141 = {
			isa = PBXGroup;
			children = (
				F475860E271D50AE0071C141 /* cascarda */,
				F475860D271D50AE0071C141 /* Products */,
			);
			sourceTree = "<group>";
		};
		F475860D271D50AE0071C141 /* Products */ = {
			isa = PBXGroup;
			children = (
				F475860C271D50AE0071C141 /* cascarda.app */,
			);
			name = Products;
			sourceTree = "<group>";
		};
		F475860E271D50AE0071C141 /* cascarda */ = {
			isa = PBXGroup;
			children = (
				F475860F271D50AE0071C141 /* AppDelegate.swift */,
				F4758611271D50AE0071C141 /* SceneDelegate.swift */,
				F4B62F0B271EC5A900681063 /* Arrows.swift */,
				F45DD1FC271DB3BD0082DFB3 /* FindCoplayer */,
				F45DD1F3271D577D0082DFB3 /* MainMenue */,
				F45DD1F9271D62EF0082DFB3 /* CustomControls */,
				F4758618271D50B20071C141 /* Assets.xcassets */,
				F475861A271D50B20071C141 /* LaunchScreen.storyboard */,
				F475861D271D50B20071C141 /* Info.plist */,
			);
			path = cascarda;
			sourceTree = "<group>";
		};
/* End PBXGroup section */

/* Begin PBXNativeTarget section */
		F475860B271D50AE0071C141 /* cascarda */ = {
			isa = PBXNativeTarget;
			buildConfigurationList = F4758620271D50B20071C141 /* Build configuration list for PBXNativeTarget "cascarda" */;
			buildPhases = (
				F4758608271D50AE0071C141 /* Sources */,
				F4758609271D50AE0071C141 /* Frameworks */,
				F475860A271D50AE0071C141 /* Resources */,
			);
			buildRules = (
			);
			dependencies = (
			);
			name = cascarda;
			productName = cascarda;
			productReference = F475860C271D50AE0071C141 /* cascarda.app */;
			productType = "com.apple.product-type.application";
		};
/* End PBXNativeTarget section */

/* Begin PBXProject section */
		F4758604271D50AE0071C141 /* Project object */ = {
			isa = PBXProject;
			attributes = {
				LastSwiftUpdateCheck = 1250;
				LastUpgradeCheck = 1250;
				TargetAttributes = {
					F475860B271D50AE0071C141 = {
						CreatedOnToolsVersion = 12.5.1;
					};
				};
			};
			buildConfigurationList = F4758607271D50AE0071C141 /* Build configuration list for PBXProject "cascarda" */;
			compatibilityVersion = "Xcode 9.3";
			developmentRegion = en;
			hasScannedForEncodings = 0;
			knownRegions = (
				en,
				Base,
			);
			mainGroup = F4758603271D50AE0071C141;
			productRefGroup = F475860D271D50AE0071C141 /* Products */;
			projectDirPath = "";
			projectRoot = "";
			targets = (
				F475860B271D50AE0071C141 /* cascarda */,
			);
		};
/* End PBXProject section */

/* Begin PBXResourcesBuildPhase section */
		F475860A271D50AE0071C141 /* Resources */ = {
			isa = PBXResourcesBuildPhase;
			buildActionMask = 2147483647;
			files = (
				F475861C271D50B20071C141 /* LaunchScreen.storyboard in Resources */,
				F4758619271D50B20071C141 /* Assets.xcassets in Resources */,
			);
			runOnlyForDeploymentPostprocessing = 0;
		};
/* End PBXResourcesBuildPhase section */

/* Begin PBXSourcesBuildPhase section */
		F4758608271D50AE0071C141 /* Sources */ = {
			isa = PBXSourcesBuildPhase;
			buildActionMask = 2147483647;
			files = (
				F4758610271D50AE0071C141 /* AppDelegate.swift in Sources */,
				F45DD1FB271DB3B80082DFB3 /* FindCoplayerViewController.swift in Sources */,
				F4B62F0C271EC5A900681063 /* Arrows.swift in Sources */,
				F45DD1F5271D600F0082DFB3 /* MainMenueViewController.swift in Sources */,
				F4758612271D50AE0071C141 /* SceneDelegate.swift in Sources */,
			);
			runOnlyForDeploymentPostprocessing = 0;
		};
/* End PBXSourcesBuildPhase section */

/* Begin PBXVariantGroup section */
		F475861A271D50B20071C141 /* LaunchScreen.storyboard */ = {
			isa = PBXVariantGroup;
			children = (
				F475861B271D50B20071C141 /* Base */,
			);
			name = LaunchScreen.storyboard;
			sourceTree = "<group>";
		};
/* End PBXVariantGroup section */

/* Begin XCBuildConfiguration section */
		F475861E271D50B20071C141 /* Debug */ = {
			isa = XCBuildConfiguration;
			buildSettings = {
				ALWAYS_SEARCH_USER_PATHS = NO;
				CLANG_ANALYZER_NONNULL = YES;
				CLANG_ANALYZER_NUMBER_OBJECT_CONVERSION = YES_AGGRESSIVE;
				CLANG_CXX_LANGUAGE_STANDARD = "gnu++14";
				CLANG_CXX_LIBRARY = "libc++";
				CLANG_ENABLE_MODULES = YES;
				CLANG_ENABLE_OBJC_ARC = YES;
				CLANG_ENABLE_OBJC_WEAK = YES;
				CLANG_WARN_BLOCK_CAPTURE_AUTORELEASING = YES;
				CLANG_WARN_BOOL_CONVERSION = YES;
				CLANG_WARN_COMMA = YES;
				CLANG_WARN_CONSTANT_CONVERSION = YES;
				CLANG_WARN_DEPRECATED_OBJC_IMPLEMENTATIONS = YES;
				CLANG_WARN_DIRECT_OBJC_ISA_USAGE = YES_ERROR;
				CLANG_WARN_DOCUMENTATION_COMMENTS = YES;
				CLANG_WARN_EMPTY_BODY = YES;
				CLANG_WARN_ENUM_CONVERSION = YES;
				CLANG_WARN_INFINITE_RECURSION = YES;
				CLANG_WARN_INT_CONVERSION = YES;
				CLANG_WARN_NON_LITERAL_NULL_CONVERSION = YES;
				CLANG_WARN_OBJC_IMPLICIT_RETAIN_SELF = YES;
				CLANG_WARN_OBJC_LITERAL_CONVERSION = YES;
				CLANG_WARN_OBJC_ROOT_CLASS = YES_ERROR;
				CLANG_WARN_QUOTED_INCLUDE_IN_FRAMEWORK_HEADER = YES;
				CLANG_WARN_RANGE_LOOP_ANALYSIS = YES;
				CLANG_WARN_STRICT_PROTOTYPES = YES;
				CLANG_WARN_SUSPICIOUS_MOVE = YES;
				CLANG_WARN_UNGUARDED_AVAILABILITY = YES_AGGRESSIVE;
				CLANG_WARN_UNREACHABLE_CODE = YES;
				CLANG_WARN__DUPLICATE_METHOD_MATCH = YES;
				COPY_PHASE_STRIP = NO;
				DEBUG_INFORMATION_FORMAT = dwarf;
				ENABLE_STRICT_OBJC_MSGSEND = YES;
				ENABLE_TESTABILITY = YES;
				GCC_C_LANGUAGE_STANDARD = gnu11;
				GCC_DYNAMIC_NO_PIC = NO;
				GCC_NO_COMMON_BLOCKS = YES;
				GCC_OPTIMIZATION_LEVEL = 0;
				GCC_PREPROCESSOR_DEFINITIONS = (
					"DEBUG=1",
					"$(inherited)",
				);
				GCC_WARN_64_TO_32_BIT_CONVERSION = YES;
				GCC_WARN_ABOUT_RETURN_TYPE = YES_ERROR;
				GCC_WARN_UNDECLARED_SELECTOR = YES;
				GCC_WARN_UNINITIALIZED_AUTOS = YES_AGGRESSIVE;
				GCC_WARN_UNUSED_FUNCTION = YES;
				GCC_WARN_UNUSED_VARIABLE = YES;
				IPHONEOS_DEPLOYMENT_TARGET = 14.5;
				MTL_ENABLE_DEBUG_INFO = INCLUDE_SOURCE;
				MTL_FAST_MATH = YES;
				ONLY_ACTIVE_ARCH = YES;
				SDKROOT = iphoneos;
				SWIFT_ACTIVE_COMPILATION_CONDITIONS = DEBUG;
				SWIFT_OPTIMIZATION_LEVEL = "-Onone";
			};
			name = Debug;
		};
		F475861F271D50B20071C141 /* Release */ = {
			isa = XCBuildConfiguration;
			buildSettings = {
				ALWAYS_SEARCH_USER_PATHS = NO;
				CLANG_ANALYZER_NONNULL = YES;
				CLANG_ANALYZER_NUMBER_OBJECT_CONVERSION = YES_AGGRESSIVE;
				CLANG_CXX_LANGUAGE_STANDARD = "gnu++14";
				CLANG_CXX_LIBRARY = "libc++";
				CLANG_ENABLE_MODULES = YES;
				CLANG_ENABLE_OBJC_ARC = YES;
				CLANG_ENABLE_OBJC_WEAK = YES;
				CLANG_WARN_BLOCK_CAPTURE_AUTORELEASING = YES;
				CLANG_WARN_BOOL_CONVERSION = YES;
				CLANG_WARN_COMMA = YES;
				CLANG_WARN_CONSTANT_CONVERSION = YES;
				CLANG_WARN_DEPRECATED_OBJC_IMPLEMENTATIONS = YES;
				CLANG_WARN_DIRECT_OBJC_ISA_USAGE = YES_ERROR;
				CLANG_WARN_DOCUMENTATION_COMMENTS = YES;
				CLANG_WARN_EMPTY_BODY = YES;
				CLANG_WARN_ENUM_CONVERSION = YES;
				CLANG_WARN_INFINITE_RECURSION = YES;
				CLANG_WARN_INT_CONVERSION = YES;
				CLANG_WARN_NON_LITERAL_NULL_CONVERSION = YES;
				CLANG_WARN_OBJC_IMPLICIT_RETAIN_SELF = YES;
				CLANG_WARN_OBJC_LITERAL_CONVERSION = YES;
				CLANG_WARN_OBJC_ROOT_CLASS = YES_ERROR;
				CLANG_WARN_QUOTED_INCLUDE_IN_FRAMEWORK_HEADER = YES;
				CLANG_WARN_RANGE_LOOP_ANALYSIS = YES;
				CLANG_WARN_STRICT_PROTOTYPES = YES;
				CLANG_WARN_SUSPICIOUS_MOVE = YES;
				CLANG_WARN_UNGUARDED_AVAILABILITY = YES_AGGRESSIVE;
				CLANG_WARN_UNREACHABLE_CODE = YES;
				CLANG_WARN__DUPLICATE_METHOD_MATCH = YES;
				COPY_PHASE_STRIP = NO;
				DEBUG_INFORMATION_FORMAT = "dwarf-with-dsym";
				ENABLE_NS_ASSERTIONS = NO;
				ENABLE_STRICT_OBJC_MSGSEND = YES;
				GCC_C_LANGUAGE_STANDARD = gnu11;
				GCC_NO_COMMON_BLOCKS = YES;
				GCC_WARN_64_TO_32_BIT_CONVERSION = YES;
				GCC_WARN_ABOUT_RETURN_TYPE = YES_ERROR;
				GCC_WARN_UNDECLARED_SELECTOR = YES;
				GCC_WARN_UNINITIALIZED_AUTOS = YES_AGGRESSIVE;
				GCC_WARN_UNUSED_FUNCTION = YES;
				GCC_WARN_UNUSED_VARIABLE = YES;
				IPHONEOS_DEPLOYMENT_TARGET = 14.5;
				MTL_ENABLE_DEBUG_INFO = NO;
				MTL_FAST_MATH = YES;
				SDKROOT = iphoneos;
				SWIFT_COMPILATION_MODE = wholemodule;
				SWIFT_OPTIMIZATION_LEVEL = "-O";
				VALIDATE_PRODUCT = YES;
			};
			name = Release;
		};
		F4758621271D50B20071C141 /* Debug */ = {
			isa = XCBuildConfiguration;
			buildSettings = {
				ASSETCATALOG_COMPILER_APPICON_NAME = AppIcon;
				ASSETCATALOG_COMPILER_GLOBAL_ACCENT_COLOR_NAME = AccentColor;
				CODE_SIGN_STYLE = Automatic;
				DEVELOPMENT_TEAM = 6A83DQ5X88;
				INFOPLIST_FILE = cascarda/Info.plist;
				IPHONEOS_DEPLOYMENT_TARGET = 13.0;
				LD_RUNPATH_SEARCH_PATHS = (
					"$(inherited)",
					"@executable_path/Frameworks",
				);
				PRODUCT_BUNDLE_IDENTIFIER = kitchenko.cascarda;
				PRODUCT_NAME = "$(TARGET_NAME)";
				SWIFT_VERSION = 5.0;
				TARGETED_DEVICE_FAMILY = "1,2";
			};
			name = Debug;
		};
		F4758622271D50B20071C141 /* Release */ = {
			isa = XCBuildConfiguration;
			buildSettings = {
				ASSETCATALOG_COMPILER_APPICON_NAME = AppIcon;
				ASSETCATALOG_COMPILER_GLOBAL_ACCENT_COLOR_NAME = AccentColor;
				CODE_SIGN_STYLE = Automatic;
				DEVELOPMENT_TEAM = 6A83DQ5X88;
				INFOPLIST_FILE = cascarda/Info.plist;
				IPHONEOS_DEPLOYMENT_TARGET = 13.0;
				LD_RUNPATH_SEARCH_PATHS = (
					"$(inherited)",
					"@executable_path/Frameworks",
				);
				PRODUCT_BUNDLE_IDENTIFIER = kitchenko.cascarda;
				PRODUCT_NAME = "$(TARGET_NAME)";
				SWIFT_VERSION = 5.0;
				TARGETED_DEVICE_FAMILY = "1,2";
			};
			name = Release;
		};
/* End XCBuildConfiguration section */

/* Begin XCConfigurationList section */
		F4758607271D50AE0071C141 /* Build configuration list for PBXProject "cascarda" */ = {
			isa = XCConfigurationList;
			buildConfigurations = (
				F475861E271D50B20071C141 /* Debug */,
				F475861F271D50B20071C141 /* Release */,
			);
			defaultConfigurationIsVisible = 0;
			defaultConfigurationName = Release;
		};
		F4758620271D50B20071C141 /* Build configuration list for PBXNativeTarget "cascarda" */ = {
			isa = XCConfigurationList;
			buildConfigurations = (
				F4758621271D50B20071C141 /* Debug */,
				F4758622271D50B20071C141 /* Release */,
			);
			defaultConfigurationIsVisible = 0;
			defaultConfigurationName = Release;
		};
/* End XCConfigurationList section */
	};
	rootObject = F4758604271D50AE0071C141 /* Project object */;
}
